
Microsoft Visual Studio Solution File, Format Version 12.00
# Visual Studio Version 17
VisualStudioVersion = 17.11.35208.52
MinimumVisualStudioVersion = 10.0.40219.1
Project("{9A19103F-16F7-4668-BE54-9A1E7A4F7556}") = "AnnouncementWebAPI", "AnnouncementWebAPI\AnnouncementWebAPI.csproj", "{EDA4BE4D-7677-4AAE-B2CA-81AE4F46E94B}"
EndProject
Global
	GlobalSection(SolutionConfigurationPlatforms) = preSolution
		Debug|Any CPU = Debug|Any CPU
		Release|Any CPU = Release|Any CPU
	EndGlobalSection
	GlobalSection(ProjectConfigurationPlatforms) = postSolution
		{EDA4BE4D-7677-4AAE-B2CA-81AE4F46E94B}.Debug|Any CPU.ActiveCfg = Debug|Any CPU
		{EDA4BE4D-7677-4AAE-B2CA-81AE4F46E94B}.Debug|Any CPU.Build.0 = Debug|Any CPU
		{EDA4BE4D-7677-4AAE-B2CA-81AE4F46E94B}.Release|Any CPU.ActiveCfg = Release|Any CPU
		{EDA4BE4D-7677-4AAE-B2CA-81AE4F46E94B}.Release|Any CPU.Build.0 = Release|Any CPU
	EndGlobalSection
	GlobalSection(SolutionProperties) = preSolution
		HideSolutionNode = FALSE
	EndGlobalSection
	GlobalSection(ExtensibilityGlobals) = postSolution
		SolutionGuid = {A2220659-C675-41B8-BFA3-DA691892248E}
	EndGlobalSection
EndGlobal
